
Microsoft Visual Studio Solution File, Format Version 12.00
# Visual Studio 14
VisualStudioVersion = 14.0.25420.1
MinimumVisualStudioVersion = 10.0.40219.1
Project("{FAE04EC0-301F-11D3-BF4B-00C04F79EFBC}") = "DS32017_WeedHackers", "DS32017_WeedHackers\DS32017_WeedHackers.csproj", "{807784ED-C38E-4D05-86AE-CB6EB12A24F7}"
EndProject
Project("{FAE04EC0-301F-11D3-BF4B-00C04F79EFBC}") = "WeedHackers_Data", "WeedHackers_Data\WeedHackers_Data.csproj", "{CA88A7E0-73CD-4334-8299-5F7A810EB340}"
EndProject
Project("{FAE04EC0-301F-11D3-BF4B-00C04F79EFBC}") = "DS32017_Weedhackers.Test", "DS32017_Weedhackers.Test\DS32017_Weedhackers.Test.csproj", "{D02BE076-064B-4187-BA86-71A611363273}"
EndProject
Global
	GlobalSection(SolutionConfigurationPlatforms) = preSolution
		Debug|Any CPU = Debug|Any CPU
		Release|Any CPU = Release|Any CPU
	EndGlobalSection
	GlobalSection(ProjectConfigurationPlatforms) = postSolution
		{807784ED-C38E-4D05-86AE-CB6EB12A24F7}.Debug|Any CPU.ActiveCfg = Debug|Any CPU
		{807784ED-C38E-4D05-86AE-CB6EB12A24F7}.Debug|Any CPU.Build.0 = Debug|Any CPU
		{807784ED-C38E-4D05-86AE-CB6EB12A24F7}.Release|Any CPU.ActiveCfg = Release|Any CPU
		{807784ED-C38E-4D05-86AE-CB6EB12A24F7}.Release|Any CPU.Build.0 = Release|Any CPU
		{CA88A7E0-73CD-4334-8299-5F7A810EB340}.Debug|Any CPU.ActiveCfg = Debug|Any CPU
		{CA88A7E0-73CD-4334-8299-5F7A810EB340}.Debug|Any CPU.Build.0 = Debug|Any CPU
		{CA88A7E0-73CD-4334-8299-5F7A810EB340}.Release|Any CPU.ActiveCfg = Release|Any CPU
		{CA88A7E0-73CD-4334-8299-5F7A810EB340}.Release|Any CPU.Build.0 = Release|Any CPU
		{D02BE076-064B-4187-BA86-71A611363273}.Debug|Any CPU.ActiveCfg = Debug|Any CPU
		{D02BE076-064B-4187-BA86-71A611363273}.Debug|Any CPU.Build.0 = Debug|Any CPU
		{D02BE076-064B-4187-BA86-71A611363273}.Release|Any CPU.ActiveCfg = Release|Any CPU
		{D02BE076-064B-4187-BA86-71A611363273}.Release|Any CPU.Build.0 = Release|Any CPU
	EndGlobalSection
	GlobalSection(SolutionProperties) = preSolution
		HideSolutionNode = FALSE
	EndGlobalSection
EndGlobal
